// !$*UTF8*$!
{
	archiveVersion = 1;
	classes = {
	};
	objectVersion = 56;
	objects = {

/* Begin PBXBuildFile section */
		4719DD692A2DA43D0038E6CF /* OpenAISwift in Frameworks */ = {isa = PBXBuildFile; productRef = 4719DD682A2DA43D0038E6CF /* OpenAISwift */; };
		4799C3F92A077A0400AD0437 /* BaseChatbotApp.swift in Sources */ = {isa = PBXBuildFile; fileRef = 4799C3F82A077A0400AD0437 /* BaseChatbotApp.swift */; };
		4799C3FB2A077A0400AD0437 /* ContentView.swift in Sources */ = {isa = PBXBuildFile; fileRef = 4799C3FA2A077A0400AD0437 /* ContentView.swift */; };
		4799C3FD2A077A0500AD0437 /* Assets.xcassets in Resources */ = {isa = PBXBuildFile; fileRef = 4799C3FC2A077A0500AD0437 /* Assets.xcassets */; };
		4799C4002A077A0500AD0437 /* Preview Assets.xcassets in Resources */ = {isa = PBXBuildFile; fileRef = 4799C3FF2A077A0500AD0437 /* Preview Assets.xcassets */; };
		4799C4072A077F8100AD0437 /* BotResponse.swift in Sources */ = {isa = PBXBuildFile; fileRef = 4799C4062A077F8100AD0437 /* BotResponse.swift */; };
		47FDA2942A2F4D7A00A491DD /* ContentView1.swift in Sources */ = {isa = PBXBuildFile; fileRef = 47FDA2932A2F4D7A00A491DD /* ContentView1.swift */; };
		47FDA2962A2F4D8400A491DD /* ContentView2.swift in Sources */ = {isa = PBXBuildFile; fileRef = 47FDA2952A2F4D8400A491DD /* ContentView2.swift */; };
		47FDA2982A2F4DEF00A491DD /* BotResponse1.swift in Sources */ = {isa = PBXBuildFile; fileRef = 47FDA2972A2F4DEF00A491DD /* BotResponse1.swift */; };
		47FDA29A2A2F4DF600A491DD /* BotResponse2.swift in Sources */ = {isa = PBXBuildFile; fileRef = 47FDA2992A2F4DF600A491DD /* BotResponse2.swift */; };
		47FDA2A02A2F523A00A491DD /* ContentViewTemplate.swift in Sources */ = {isa = PBXBuildFile; fileRef = 47FDA29F2A2F523A00A491DD /* ContentViewTemplate.swift */; };
		47FDA2A42A2F525400A491DD /* BotResponseTemplate.swift in Sources */ = {isa = PBXBuildFile; fileRef = 47FDA2A32A2F525400A491DD /* BotResponseTemplate.swift */; };
/* End PBXBuildFile section */

/* Begin PBXFileReference section */
		4799C3F52A077A0400AD0437 /* BaseChatbot.app */ = {isa = PBXFileReference; explicitFileType = wrapper.application; includeInIndex = 0; path = BaseChatbot.app; sourceTree = BUILT_PRODUCTS_DIR; };
		4799C3F82A077A0400AD0437 /* BaseChatbotApp.swift */ = {isa = PBXFileReference; lastKnownFileType = sourcecode.swift; path = BaseChatbotApp.swift; sourceTree = "<group>"; };
		4799C3FA2A077A0400AD0437 /* ContentView.swift */ = {isa = PBXFileReference; lastKnownFileType = sourcecode.swift; path = ContentView.swift; sourceTree = "<group>"; };
		4799C3FC2A077A0500AD0437 /* Assets.xcassets */ = {isa = PBXFileReference; lastKnownFileType = folder.assetcatalog; path = Assets.xcassets; sourceTree = "<group>"; };
		4799C3FF2A077A0500AD0437 /* Preview Assets.xcassets */ = {isa = PBXFileReference; lastKnownFileType = folder.assetcatalog; path = "Preview Assets.xcassets"; sourceTree = "<group>"; };
		4799C4062A077F8100AD0437 /* BotResponse.swift */ = {isa = PBXFileReference; lastKnownFileType = sourcecode.swift; path = BotResponse.swift; sourceTree = "<group>"; };
		47FDA2932A2F4D7A00A491DD /* ContentView1.swift */ = {isa = PBXFileReference; fileEncoding = 4; lastKnownFileType = sourcecode.swift; path = ContentView1.swift; sourceTree = "<group>"; };
		47FDA2952A2F4D8400A491DD /* ContentView2.swift */ = {isa = PBXFileReference; fileEncoding = 4; lastKnownFileType = sourcecode.swift; path = ContentView2.swift; sourceTree = "<group>"; };
		47FDA2972A2F4DEF00A491DD /* BotResponse1.swift */ = {isa = PBXFileReference; fileEncoding = 4; lastKnownFileType = sourcecode.swift; path = BotResponse1.swift; sourceTree = "<group>"; };
		47FDA2992A2F4DF600A491DD /* BotResponse2.swift */ = {isa = PBXFileReference; fileEncoding = 4; lastKnownFileType = sourcecode.swift; path = BotResponse2.swift; sourceTree = "<group>"; };
		47FDA29F2A2F523A00A491DD /* ContentViewTemplate.swift */ = {isa = PBXFileReference; fileEncoding = 4; lastKnownFileType = sourcecode.swift; path = ContentViewTemplate.swift; sourceTree = "<group>"; };
		47FDA2A32A2F525400A491DD /* BotResponseTemplate.swift */ = {isa = PBXFileReference; fileEncoding = 4; lastKnownFileType = sourcecode.swift; path = BotResponseTemplate.swift; sourceTree = "<group>"; };
/* End PBXFileReference section */

/* Begin PBXFrameworksBuildPhase section */
		4799C3F22A077A0400AD0437 /* Frameworks */ = {
			isa = PBXFrameworksBuildPhase;
			buildActionMask = 2147483647;
			files = (
				4719DD692A2DA43D0038E6CF /* OpenAISwift in Frameworks */,
			);
			runOnlyForDeploymentPostprocessing = 0;
		};
/* End PBXFrameworksBuildPhase section */

/* Begin PBXGroup section */
		4799C3EC2A077A0400AD0437 = {
			isa = PBXGroup;
			children = (
				4799C3F72A077A0400AD0437 /* BaseChatbot */,
				4799C3F62A077A0400AD0437 /* Products */,
			);
			sourceTree = "<group>";
		};
		4799C3F62A077A0400AD0437 /* Products */ = {
			isa = PBXGroup;
			children = (
				4799C3F52A077A0400AD0437 /* BaseChatbot.app */,
			);
			name = Products;
			sourceTree = "<group>";
		};
		4799C3F72A077A0400AD0437 /* BaseChatbot */ = {
			isa = PBXGroup;
			children = (
				4799C3FA2A077A0400AD0437 /* ContentView.swift */,
				4799C3F82A077A0400AD0437 /* BaseChatbotApp.swift */,
				4799C4062A077F8100AD0437 /* BotResponse.swift */,
				47FDA29E2A2F506300A491DD /* Starter Code */,
				47FDA29B2A2F4E5200A491DD /* 1 to 1 Decent */,
				47FDA29C2A2F4E6900A491DD /* 1 to Random Decent */,
				4799C3FC2A077A0500AD0437 /* Assets.xcassets */,
				4799C3FE2A077A0500AD0437 /* Preview Content */,
			);
			path = BaseChatbot;
			sourceTree = "<group>";
		};
		4799C3FE2A077A0500AD0437 /* Preview Content */ = {
			isa = PBXGroup;
			children = (
				4799C3FF2A077A0500AD0437 /* Preview Assets.xcassets */,
			);
			path = "Preview Content";
			sourceTree = "<group>";
		};
		47FDA29B2A2F4E5200A491DD /* 1 to 1 Decent */ = {
			isa = PBXGroup;
			children = (
				47FDA2932A2F4D7A00A491DD /* ContentView1.swift */,
				47FDA2972A2F4DEF00A491DD /* BotResponse1.swift */,
			);
			path = "1 to 1 Decent";
			sourceTree = "<group>";
		};
		47FDA29C2A2F4E6900A491DD /* 1 to Random Decent */ = {
			isa = PBXGroup;
			children = (
				47FDA2952A2F4D8400A491DD /* ContentView2.swift */,
				47FDA2992A2F4DF600A491DD /* BotResponse2.swift */,
			);
			path = "1 to Random Decent";
			sourceTree = "<group>";
		};
		47FDA29E2A2F506300A491DD /* Starter Code */ = {
			isa = PBXGroup;
			children = (
				47FDA29F2A2F523A00A491DD /* ContentViewTemplate.swift */,
				47FDA2A32A2F525400A491DD /* BotResponseTemplate.swift */,
			);
			path = "Starter Code";
			sourceTree = "<group>";
		};
/* End PBXGroup section */

/* Begin PBXNativeTarget section */
		4799C3F42A077A0400AD0437 /* BaseChatbot */ = {
			isa = PBXNativeTarget;
			buildConfigurationList = 4799C4032A077A0500AD0437 /* Build configuration list for PBXNativeTarget "BaseChatbot" */;
			buildPhases = (
				4799C3F12A077A0400AD0437 /* Sources */,
				4799C3F22A077A0400AD0437 /* Frameworks */,
				4799C3F32A077A0400AD0437 /* Resources */,
			);
			buildRules = (
			);
			dependencies = (
			);
			name = BaseChatbot;
			packageProductDependencies = (
				4719DD682A2DA43D0038E6CF /* OpenAISwift */,
			);
			productName = BaseChatbot;
			productReference = 4799C3F52A077A0400AD0437 /* BaseChatbot.app */;
			productType = "com.apple.product-type.application";
		};
/* End PBXNativeTarget section */

/* Begin PBXProject section */
		4799C3ED2A077A0400AD0437 /* Project object */ = {
			isa = PBXProject;
			attributes = {
				BuildIndependentTargetsInParallel = 1;
				LastSwiftUpdateCheck = 1430;
				LastUpgradeCheck = 1430;
				TargetAttributes = {
					4799C3F42A077A0400AD0437 = {
						CreatedOnToolsVersion = 14.3;
					};
				};
			};
			buildConfigurationList = 4799C3F02A077A0400AD0437 /* Build configuration list for PBXProject "BaseChatbot" */;
			compatibilityVersion = "Xcode 14.0";
			developmentRegion = en;
			hasScannedForEncodings = 0;
			knownRegions = (
				en,
				Base,
			);
			mainGroup = 4799C3EC2A077A0400AD0437;
			packageReferences = (
				4719DD672A2DA43D0038E6CF /* XCRemoteSwiftPackageReference "OpenAISwift" */,
			);
			productRefGroup = 4799C3F62A077A0400AD0437 /* Products */;
			projectDirPath = "";
			projectRoot = "";
			targets = (
				4799C3F42A077A0400AD0437 /* BaseChatbot */,
			);
		};
/* End PBXProject section */

/* Begin PBXResourcesBuildPhase section */
		4799C3F32A077A0400AD0437 /* Resources */ = {
			isa = PBXResourcesBuildPhase;
			buildActionMask = 2147483647;
			files = (
				4799C4002A077A0500AD0437 /* Preview Assets.xcassets in Resources */,
				4799C3FD2A077A0500AD0437 /* Assets.xcassets in Resources */,
			);
			runOnlyForDeploymentPostprocessing = 0;
		};
/* End PBXResourcesBuildPhase section */

/* Begin PBXSourcesBuildPhase section */
		4799C3F12A077A0400AD0437 /* Sources */ = {
			isa = PBXSourcesBuildPhase;
			buildActionMask = 2147483647;
			files = (
				47FDA2942A2F4D7A00A491DD /* ContentView1.swift in Sources */,
				4799C3FB2A077A0400AD0437 /* ContentView.swift in Sources */,
				47FDA29A2A2F4DF600A491DD /* BotResponse2.swift in Sources */,
				47FDA2982A2F4DEF00A491DD /* BotResponse1.swift in Sources */,
				4799C3F92A077A0400AD0437 /* BaseChatbotApp.swift in Sources */,
				47FDA2962A2F4D8400A491DD /* ContentView2.swift in Sources */,
				47FDA2A02A2F523A00A491DD /* ContentViewTemplate.swift in Sources */,
				47FDA2A42A2F525400A491DD /* BotResponseTemplate.swift in Sources */,
				4799C4072A077F8100AD0437 /* BotResponse.swift in Sources */,
			);
			runOnlyForDeploymentPostprocessing = 0;
		};
/* End PBXSourcesBuildPhase section */

/* Begin XCBuildConfiguration section */
		4799C4012A077A0500AD0437 /* Debug */ = {
			isa = XCBuildConfiguration;
			buildSettings = {
				ALWAYS_SEARCH_USER_PATHS = NO;
				CLANG_ANALYZER_NONNULL = YES;
				CLANG_ANALYZER_NUMBER_OBJECT_CONVERSION = YES_AGGRESSIVE;
				CLANG_CXX_LANGUAGE_STANDARD = "gnu++20";
				CLANG_ENABLE_MODULES = YES;
				CLANG_ENABLE_OBJC_ARC = YES;
				CLANG_ENABLE_OBJC_WEAK = YES;
				CLANG_WARN_BLOCK_CAPTURE_AUTORELEASING = YES;
				CLANG_WARN_BOOL_CONVERSION = YES;
				CLANG_WARN_COMMA = YES;
				CLANG_WARN_CONSTANT_CONVERSION = YES;
				CLANG_WARN_DEPRECATED_OBJC_IMPLEMENTATIONS = YES;
				CLANG_WARN_DIRECT_OBJC_ISA_USAGE = YES_ERROR;
				CLANG_WARN_DOCUMENTATION_COMMENTS = YES;
				CLANG_WARN_EMPTY_BODY = YES;
				CLANG_WARN_ENUM_CONVERSION = YES;
				CLANG_WARN_INFINITE_RECURSION = YES;
				CLANG_WARN_INT_CONVERSION = YES;
				CLANG_WARN_NON_LITERAL_NULL_CONVERSION = YES;
				CLANG_WARN_OBJC_IMPLICIT_RETAIN_SELF = YES;
				CLANG_WARN_OBJC_LITERAL_CONVERSION = YES;
				CLANG_WARN_OBJC_ROOT_CLASS = YES_ERROR;
				CLANG_WARN_QUOTED_INCLUDE_IN_FRAMEWORK_HEADER = YES;
				CLANG_WARN_RANGE_LOOP_ANALYSIS = YES;
				CLANG_WARN_STRICT_PROTOTYPES = YES;
				CLANG_WARN_SUSPICIOUS_MOVE = YES;
				CLANG_WARN_UNGUARDED_AVAILABILITY = YES_AGGRESSIVE;
				CLANG_WARN_UNREACHABLE_CODE = YES;
				CLANG_WARN__DUPLICATE_METHOD_MATCH = YES;
				COPY_PHASE_STRIP = NO;
				DEBUG_INFORMATION_FORMAT = dwarf;
				ENABLE_STRICT_OBJC_MSGSEND = YES;
				ENABLE_TESTABILITY = YES;
				GCC_C_LANGUAGE_STANDARD = gnu11;
				GCC_DYNAMIC_NO_PIC = NO;
				GCC_NO_COMMON_BLOCKS = YES;
				GCC_OPTIMIZATION_LEVEL = 0;
				GCC_PREPROCESSOR_DEFINITIONS = (
					"DEBUG=1",
					"$(inherited)",
				);
				GCC_WARN_64_TO_32_BIT_CONVERSION = YES;
				GCC_WARN_ABOUT_RETURN_TYPE = YES_ERROR;
				GCC_WARN_UNDECLARED_SELECTOR = YES;
				GCC_WARN_UNINITIALIZED_AUTOS = YES_AGGRESSIVE;
				GCC_WARN_UNUSED_FUNCTION = YES;
				GCC_WARN_UNUSED_VARIABLE = YES;
				IPHONEOS_DEPLOYMENT_TARGET = 16.4;
				MTL_ENABLE_DEBUG_INFO = INCLUDE_SOURCE;
				MTL_FAST_MATH = YES;
				ONLY_ACTIVE_ARCH = YES;
				SDKROOT = iphoneos;
				SWIFT_ACTIVE_COMPILATION_CONDITIONS = DEBUG;
				SWIFT_OPTIMIZATION_LEVEL = "-Onone";
			};
			name = Debug;
		};
		4799C4022A077A0500AD0437 /* Release */ = {
			isa = XCBuildConfiguration;
			buildSettings = {
				ALWAYS_SEARCH_USER_PATHS = NO;
				CLANG_ANALYZER_NONNULL = YES;
				CLANG_ANALYZER_NUMBER_OBJECT_CONVERSION = YES_AGGRESSIVE;
				CLANG_CXX_LANGUAGE_STANDARD = "gnu++20";
				CLANG_ENABLE_MODULES = YES;
				CLANG_ENABLE_OBJC_ARC = YES;
				CLANG_ENABLE_OBJC_WEAK = YES;
				CLANG_WARN_BLOCK_CAPTURE_AUTORELEASING = YES;
				CLANG_WARN_BOOL_CONVERSION = YES;
				CLANG_WARN_COMMA = YES;
				CLANG_WARN_CONSTANT_CONVERSION = YES;
				CLANG_WARN_DEPRECATED_OBJC_IMPLEMENTATIONS = YES;
				CLANG_WARN_DIRECT_OBJC_ISA_USAGE = YES_ERROR;
				CLANG_WARN_DOCUMENTATION_COMMENTS = YES;
				CLANG_WARN_EMPTY_BODY = YES;
				CLANG_WARN_ENUM_CONVERSION = YES;
				CLANG_WARN_INFINITE_RECURSION = YES;
				CLANG_WARN_INT_CONVERSION = YES;
				CLANG_WARN_NON_LITERAL_NULL_CONVERSION = YES;
				CLANG_WARN_OBJC_IMPLICIT_RETAIN_SELF = YES;
				CLANG_WARN_OBJC_LITERAL_CONVERSION = YES;
				CLANG_WARN_OBJC_ROOT_CLASS = YES_ERROR;
				CLANG_WARN_QUOTED_INCLUDE_IN_FRAMEWORK_HEADER = YES;
				CLANG_WARN_RANGE_LOOP_ANALYSIS = YES;
				CLANG_WARN_STRICT_PROTOTYPES = YES;
				CLANG_WARN_SUSPICIOUS_MOVE = YES;
				CLANG_WARN_UNGUARDED_AVAILABILITY = YES_AGGRESSIVE;
				CLANG_WARN_UNREACHABLE_CODE = YES;
				CLANG_WARN__DUPLICATE_METHOD_MATCH = YES;
				COPY_PHASE_STRIP = NO;
				DEBUG_INFORMATION_FORMAT = "dwarf-with-dsym";
				ENABLE_NS_ASSERTIONS = NO;
				ENABLE_STRICT_OBJC_MSGSEND = YES;
				GCC_C_LANGUAGE_STANDARD = gnu11;
				GCC_NO_COMMON_BLOCKS = YES;
				GCC_WARN_64_TO_32_BIT_CONVERSION = YES;
				GCC_WARN_ABOUT_RETURN_TYPE = YES_ERROR;
				GCC_WARN_UNDECLARED_SELECTOR = YES;
				GCC_WARN_UNINITIALIZED_AUTOS = YES_AGGRESSIVE;
				GCC_WARN_UNUSED_FUNCTION = YES;
				GCC_WARN_UNUSED_VARIABLE = YES;
				IPHONEOS_DEPLOYMENT_TARGET = 16.4;
				MTL_ENABLE_DEBUG_INFO = NO;
				MTL_FAST_MATH = YES;
				SDKROOT = iphoneos;
				SWIFT_COMPILATION_MODE = wholemodule;
				SWIFT_OPTIMIZATION_LEVEL = "-O";
				VALIDATE_PRODUCT = YES;
			};
			name = Release;
		};
		4799C4042A077A0500AD0437 /* Debug */ = {
			isa = XCBuildConfiguration;
			buildSettings = {
				ASSETCATALOG_COMPILER_APPICON_NAME = AppIcon;
				ASSETCATALOG_COMPILER_GLOBAL_ACCENT_COLOR_NAME = AccentColor;
				CODE_SIGN_STYLE = Automatic;
				CURRENT_PROJECT_VERSION = 1;
				DEVELOPMENT_ASSET_PATHS = "\"BaseChatbot/Preview Content\"";
				DEVELOPMENT_TEAM = 2DRXWM8PSC;
				ENABLE_PREVIEWS = YES;
				GENERATE_INFOPLIST_FILE = YES;
				INFOPLIST_KEY_UIApplicationSceneManifest_Generation = YES;
				INFOPLIST_KEY_UIApplicationSupportsIndirectInputEvents = YES;
				INFOPLIST_KEY_UILaunchScreen_Generation = YES;
				INFOPLIST_KEY_UISupportedInterfaceOrientations_iPad = "UIInterfaceOrientationPortrait UIInterfaceOrientationPortraitUpsideDown UIInterfaceOrientationLandscapeLeft UIInterfaceOrientationLandscapeRight";
				INFOPLIST_KEY_UISupportedInterfaceOrientations_iPhone = "UIInterfaceOrientationPortrait UIInterfaceOrientationLandscapeLeft UIInterfaceOrientationLandscapeRight";
				LD_RUNPATH_SEARCH_PATHS = (
					"$(inherited)",
					"@executable_path/Frameworks",
				);
				MARKETING_VERSION = 1.0;
				PRODUCT_BUNDLE_IDENTIFIER = com.atulp.BaseChatbot;
				PRODUCT_NAME = "$(TARGET_NAME)";
				SWIFT_EMIT_LOC_STRINGS = YES;
				SWIFT_VERSION = 5.0;
				TARGETED_DEVICE_FAMILY = "1,2";
			};
			name = Debug;
		};
		4799C4052A077A0500AD0437 /* Release */ = {
			isa = XCBuildConfiguration;
			buildSettings = {
				ASSETCATALOG_COMPILER_APPICON_NAME = AppIcon;
				ASSETCATALOG_COMPILER_GLOBAL_ACCENT_COLOR_NAME = AccentColor;
				CODE_SIGN_STYLE = Automatic;
				CURRENT_PROJECT_VERSION = 1;
				DEVELOPMENT_ASSET_PATHS = "\"BaseChatbot/Preview Content\"";
				DEVELOPMENT_TEAM = 2DRXWM8PSC;
				ENABLE_PREVIEWS = YES;
				GENERATE_INFOPLIST_FILE = YES;
				INFOPLIST_KEY_UIApplicationSceneManifest_Generation = YES;
				INFOPLIST_KEY_UIApplicationSupportsIndirectInputEvents = YES;
				INFOPLIST_KEY_UILaunchScreen_Generation = YES;
				INFOPLIST_KEY_UISupportedInterfaceOrientations_iPad = "UIInterfaceOrientationPortrait UIInterfaceOrientationPortraitUpsideDown UIInterfaceOrientationLandscapeLeft UIInterfaceOrientationLandscapeRight";
				INFOPLIST_KEY_UISupportedInterfaceOrientations_iPhone = "UIInterfaceOrientationPortrait UIInterfaceOrientationLandscapeLeft UIInterfaceOrientationLandscapeRight";
				LD_RUNPATH_SEARCH_PATHS = (
					"$(inherited)",
					"@executable_path/Frameworks",
				);
				MARKETING_VERSION = 1.0;
				PRODUCT_BUNDLE_IDENTIFIER = com.atulp.BaseChatbot;
				PRODUCT_NAME = "$(TARGET_NAME)";
				SWIFT_EMIT_LOC_STRINGS = YES;
				SWIFT_VERSION = 5.0;
				TARGETED_DEVICE_FAMILY = "1,2";
			};
			name = Release;
		};
/* End XCBuildConfiguration section */

/* Begin XCConfigurationList section */
		4799C3F02A077A0400AD0437 /* Build configuration list for PBXProject "BaseChatbot" */ = {
			isa = XCConfigurationList;
			buildConfigurations = (
				4799C4012A077A0500AD0437 /* Debug */,
				4799C4022A077A0500AD0437 /* Release */,
			);
			defaultConfigurationIsVisible = 0;
			defaultConfigurationName = Release;
		};
		4799C4032A077A0500AD0437 /* Build configuration list for PBXNativeTarget "BaseChatbot" */ = {
			isa = XCConfigurationList;
			buildConfigurations = (
				4799C4042A077A0500AD0437 /* Debug */,
				4799C4052A077A0500AD0437 /* Release */,
			);
			defaultConfigurationIsVisible = 0;
			defaultConfigurationName = Release;
		};
/* End XCConfigurationList section */

/* Begin XCRemoteSwiftPackageReference section */
		4719DD672A2DA43D0038E6CF /* XCRemoteSwiftPackageReference "OpenAISwift" */ = {
			isa = XCRemoteSwiftPackageReference;
			repositoryURL = "https://github.com/adamrushy/OpenAISwift.git";
			requirement = {
				kind = upToNextMajorVersion;
				minimumVersion = 1.0.0;
			};
		};
/* End XCRemoteSwiftPackageReference section */

/* Begin XCSwiftPackageProductDependency section */
		4719DD682A2DA43D0038E6CF /* OpenAISwift */ = {
			isa = XCSwiftPackageProductDependency;
			package = 4719DD672A2DA43D0038E6CF /* XCRemoteSwiftPackageReference "OpenAISwift" */;
			productName = OpenAISwift;
		};
/* End XCSwiftPackageProductDependency section */
	};
	rootObject = 4799C3ED2A077A0400AD0437 /* Project object */;
}
